
Microsoft Visual Studio Solution File, Format Version 12.00
# Visual Studio Version 17
VisualStudioVersion = 17.11.35208.52
MinimumVisualStudioVersion = 10.0.40219.1
Project("{FAE04EC0-301F-11D3-BF4B-00C04F79EFBC}") = "WebManualMVC", "WebManualMVC\WebManualMVC.csproj", "{EA009ECE-311F-4A14-AA96-2D425DE49440}"
EndProject
Global
	GlobalSection(SolutionConfigurationPlatforms) = preSolution
		Debug|Any CPU = Debug|Any CPU
		Release|Any CPU = Release|Any CPU
	EndGlobalSection
	GlobalSection(ProjectConfigurationPlatforms) = postSolution
		{EA009ECE-311F-4A14-AA96-2D425DE49440}.Debug|Any CPU.ActiveCfg = Debug|Any CPU
		{EA009ECE-311F-4A14-AA96-2D425DE49440}.Debug|Any CPU.Build.0 = Debug|Any CPU
		{EA009ECE-311F-4A14-AA96-2D425DE49440}.Release|Any CPU.ActiveCfg = Release|Any CPU
		{EA009ECE-311F-4A14-AA96-2D425DE49440}.Release|Any CPU.Build.0 = Release|Any CPU
	EndGlobalSection
	GlobalSection(SolutionProperties) = preSolution
		HideSolutionNode = FALSE
	EndGlobalSection
	GlobalSection(ExtensibilityGlobals) = postSolution
		SolutionGuid = {75B513F8-FA16-42B2-8437-B00CC7B8AE18}
	EndGlobalSection
EndGlobal
